<?xml version="1.0" encoding="utf-8"?>
<Project ToolsVersion="4.0" xmlns="http://schemas.microsoft.com/developer/msbuild/2003">
  <ItemGroup>
    <Filter Include="Source Files">
      <UniqueIdentifier>{4FC737F1-C7A5-4376-A066-2A32D752A2FF}</UniqueIdentifier>
      <Extensions>cpp;c;cc;cxx;c++;cppm;ixx;def;odl;idl;hpj;bat;asm;asmx</Extensions>
    </Filter>
    <Filter Include="Header Files">
      <UniqueIdentifier>{93995380-89BD-4b04-88EB-625FBE52EBFB}</UniqueIdentifier>
      <Extensions>h;hh;hpp;hxx;h++;hm;inl;inc;ipp;xsd</Extensions>
    </Filter>
    <Filter Include="Resource Files">
      <UniqueIdentifier>{67DA6AB6-F800-4c08-8B7A-83BB121AAD01}</UniqueIdentifier>
      <Extensions>rc;ico;cur;bmp;dlg;rc2;rct;bin;rgs;gif;jpg;jpeg;jpe;resx;tiff;tif;png;wav;mfcribbon-ms</Extensions>
    </Filter>
    <Filter Include="Header Files\Interfaces">
      <UniqueIdentifier>{826ab663-3881-47bd-b801-7cd7f71e8efa}</UniqueIdentifier>
    </Filter>
    <Filter Include="Header Files\Button">
      <UniqueIdentifier>{d573a3a9-a116-4f49-997d-36544f784141}</UniqueIdentifier>
    </Filter>
    <Filter Include="Header Files\States">
      <UniqueIdentifier>{8960ae83-5074-4d02-969c-826a1e7818bb}</UniqueIdentifier>
    </Filter>
    <Filter Include="Header Files\Managers">
      <UniqueIdentifier>{3e5c32bc-bb6f-4bb9-83fc-948a54b02892}</UniqueIdentifier>
    </Filter>
    <Filter Include="Source Files\Button">
      <UniqueIdentifier>{d72e842e-6bb6-46dc-95f9-258c8911adda}</UniqueIdentifier>
    </Filter>
    <Filter Include="Source Files\Managers">
      <UniqueIdentifier>{681b630a-1f9a-4217-b691-b8e24f8547b9}</UniqueIdentifier>
    </Filter>
    <Filter Include="Source Files\States">
      <UniqueIdentifier>{b533c005-384d-459e-b699-a7e96af1d5e1}</UniqueIdentifier>
    </Filter>
    <Filter Include="Header Files\Pathfinding">
      <UniqueIdentifier>{b9261052-7e6d-41ec-8f5a-1ace5c3bf8c5}</UniqueIdentifier>
    </Filter>
    <Filter Include="Source Files\Pathfinding">
      <UniqueIdentifier>{4fba7f81-b13b-436b-8c5f-f0b9d9215a6e}</UniqueIdentifier>
    </Filter>
    <Filter Include="Header Files\Sprites">
      <UniqueIdentifier>{82dbab26-2ce1-4ba9-bf5c-b4ccc3165621}</UniqueIdentifier>
    </Filter>
    <Filter Include="Source Files\Sprite">
      <UniqueIdentifier>{bf3ed87b-0e8a-40b5-a2fe-d01917e7174f}</UniqueIdentifier>
    </Filter>
    <Filter Include="Header Files\Enums">
      <UniqueIdentifier>{714a98ea-398e-4468-a187-35eec84adf9d}</UniqueIdentifier>
    </Filter>
    <Filter Include="Header Files\Animation">
      <UniqueIdentifier>{60f3c843-e33c-43a1-9ae2-7ecb32b01c5d}</UniqueIdentifier>
    </Filter>
    <Filter Include="Source Files\Animation">
      <UniqueIdentifier>{48e22459-df00-470e-b6b1-a481309d90d5}</UniqueIdentifier>
    </Filter>
    <Filter Include="Header Files\Sprites\Weapon">
      <UniqueIdentifier>{c55e1f04-151f-4010-b653-d9c13ad2ae3d}</UniqueIdentifier>
    </Filter>
    <Filter Include="Source Files\Sprite\Weapon">
      <UniqueIdentifier>{f49ccf92-90e5-4443-aae1-43dc396f29c4}</UniqueIdentifier>
    </Filter>
    <Filter Include="Header Files\Spawners">
      <UniqueIdentifier>{6a2bd3c3-97c2-4b1f-8744-69a48e4ad3e8}</UniqueIdentifier>
    </Filter>
    <Filter Include="Source Files\Spawners">
      <UniqueIdentifier>{2b7d91db-3156-4fec-bd46-1865503faaae}</UniqueIdentifier>
    </Filter>
  </ItemGroup>
  <ItemGroup>
    <ClCompile Include="Main.cpp">
      <Filter>Source Files</Filter>
    </ClCompile>
    <ClCompile Include="Game.cpp">
      <Filter>Source Files</Filter>
    </ClCompile>
    <ClCompile Include="Button.cpp">
      <Filter>Source Files\Button</Filter>
    </ClCompile>
    <ClCompile Include="PlayButton.cpp">
      <Filter>Source Files\Button</Filter>
    </ClCompile>
    <ClCompile Include="SettingsButton.cpp">
      <Filter>Source Files\Button</Filter>
    </ClCompile>
    <ClCompile Include="AssetManager.cpp">
      <Filter>Source Files\Managers</Filter>
    </ClCompile>
    <ClCompile Include="InputManager.cpp">
      <Filter>Source Files\Managers</Filter>
    </ClCompile>
    <ClCompile Include="StateMachine.cpp">
      <Filter>Source Files\Managers</Filter>
    </ClCompile>
    <ClCompile Include="GameState.cpp">
      <Filter>Source Files\States</Filter>
    </ClCompile>
    <ClCompile Include="MainMenuState.cpp">
      <Filter>Source Files\States</Filter>
    </ClCompile>
    <ClCompile Include="SplashState.cpp">
      <Filter>Source Files\States</Filter>
    </ClCompile>
    <ClCompile Include="PauseButton.cpp">
      <Filter>Source Files\Button</Filter>
    </ClCompile>
    <ClCompile Include="PauseState.cpp">
      <Filter>Source Files\States</Filter>
    </ClCompile>
    <ClCompile Include="ResumeButton.cpp">
      <Filter>Source Files\Button</Filter>
    </ClCompile>
    <ClCompile Include="SettingState.cpp">
      <Filter>Source Files\States</Filter>
    </ClCompile>
    <ClCompile Include="BackButton.cpp">
      <Filter>Source Files\Button</Filter>
    </ClCompile>
    <ClCompile Include="TileMap.cpp">
      <Filter>Source Files</Filter>
    </ClCompile>
    <ClCompile Include="BreadthFirstSearch.cpp">
      <Filter>Source Files\Pathfinding</Filter>
    </ClCompile>
    <ClCompile Include="Graph.cpp">
      <Filter>Source Files\Pathfinding</Filter>
    </ClCompile>
    <ClCompile Include="Node.cpp">
      <Filter>Source Files\Pathfinding</Filter>
    </ClCompile>
    <ClCompile Include="Sprite.cpp">
      <Filter>Source Files\Sprite</Filter>
    </ClCompile>
    <ClCompile Include="Enemy.cpp">
      <Filter>Source Files\Sprite</Filter>
    </ClCompile>
    <ClCompile Include="Hud.cpp">
      <Filter>Source Files</Filter>
    </ClCompile>
    <ClCompile Include="Player.cpp">
      <Filter>Source Files\Sprite</Filter>
    </ClCompile>
    <ClCompile Include="Animation.cpp">
      <Filter>Source Files\Animation</Filter>
    </ClCompile>
    <ClCompile Include="AnimationManager.cpp">
      <Filter>Source Files\Animation</Filter>
    </ClCompile>
    <ClCompile Include="ControllerStrategy.cpp">
      <Filter>Source Files</Filter>
    </ClCompile>
    <ClCompile Include="Rocket.cpp">
      <Filter>Source Files\Sprite\Weapon</Filter>
    </ClCompile>
    <ClCompile Include="Bullet.cpp">
      <Filter>Source Files\Sprite\Weapon</Filter>
    </ClCompile>
    <ClCompile Include="BulletParticle.cpp">
      <Filter>Source Files\Sprite\Weapon</Filter>
    </ClCompile>
    <ClCompile Include="RocketParticle.cpp">
      <Filter>Source Files\Sprite\Weapon</Filter>
    </ClCompile>
    <ClCompile Include="GameOverState.cpp">
      <Filter>Source Files\States</Filter>
    </ClCompile>
    <ClCompile Include="RetryButton.cpp">
      <Filter>Source Files\Button</Filter>
    </ClCompile>
    <ClCompile Include="Item.cpp">
      <Filter>Source Files\Sprite</Filter>
    </ClCompile>
    <ClCompile Include="State.cpp">
      <Filter>Source Files\States</Filter>
    </ClCompile>
    <ClCompile Include="EnemySpawner.cpp">
      <Filter>Source Files\Spawners</Filter>
    </ClCompile>
    <ClCompile Include="Tank.cpp">
      <Filter>Source Files\Sprite</Filter>
    </ClCompile>
    <ClCompile Include="TankBullet.cpp">
      <Filter>Source Files\Sprite\Weapon</Filter>
    </ClCompile>
    <ClCompile Include="TankBulletParticle.cpp">
      <Filter>Source Files\Sprite\Weapon</Filter>
    </ClCompile>
    <ClCompile Include="HealthBar.cpp">
      <Filter>Source Files\Sprite</Filter>
    </ClCompile>
    <ClCompile Include="House.cpp">
      <Filter>Source Files\Sprite</Filter>
    </ClCompile>
  </ItemGroup>
  <ItemGroup>
    <ClInclude Include="Game.h">
      <Filter>Header Files</Filter>
    </ClInclude>
    <ClInclude Include="Parameters.h">
      <Filter>Header Files</Filter>
    </ClInclude>
    <ClInclude Include="IGamePart.h">
      <Filter>Header Files\Interfaces</Filter>
    </ClInclude>
    <ClInclude Include="Button.h">
      <Filter>Header Files\Button</Filter>
    </ClInclude>
    <ClInclude Include="PlayButton.h">
      <Filter>Header Files\Button</Filter>
    </ClInclude>
    <ClInclude Include="SettingsButton.h">
      <Filter>Header Files\Button</Filter>
    </ClInclude>
    <ClInclude Include="State.h">
      <Filter>Header Files\States</Filter>
    </ClInclude>
    <ClInclude Include="MainMenuState.h">
      <Filter>Header Files\States</Filter>
    </ClInclude>
    <ClInclude Include="GameState.h">
      <Filter>Header Files\States</Filter>
    </ClInclude>
    <ClInclude Include="SplashState.h">
      <Filter>Header Files\States</Filter>
    </ClInclude>
    <ClInclude Include="InputManager.h">
      <Filter>Header Files\Managers</Filter>
    </ClInclude>
    <ClInclude Include="AssetManager.h">
      <Filter>Header Files\Managers</Filter>
    </ClInclude>
    <ClInclude Include="StateMachine.h">
      <Filter>Header Files\Managers</Filter>
    </ClInclude>
    <ClInclude Include="PauseButton.h">
      <Filter>Header Files\Button</Filter>
    </ClInclude>
    <ClInclude Include="PauseState.h">
      <Filter>Header Files\States</Filter>
    </ClInclude>
    <ClInclude Include="ResumeButton.h">
      <Filter>Header Files\Button</Filter>
    </ClInclude>
    <ClInclude Include="SettingState.h">
      <Filter>Header Files\States</Filter>
    </ClInclude>
    <ClInclude Include="BackButton.h">
      <Filter>Header Files\Button</Filter>
    </ClInclude>
    <ClInclude Include="TileMap.h">
      <Filter>Header Files</Filter>
    </ClInclude>
    <ClInclude Include="BreadthFirstSearch.h">
      <Filter>Header Files\Pathfinding</Filter>
    </ClInclude>
    <ClInclude Include="Graph.h">
      <Filter>Header Files\Pathfinding</Filter>
    </ClInclude>
    <ClInclude Include="Node.h">
      <Filter>Header Files\Pathfinding</Filter>
    </ClInclude>
    <ClInclude Include="Sprite.h">
      <Filter>Header Files\Sprites</Filter>
    </ClInclude>
    <ClInclude Include="Enemy.h">
      <Filter>Header Files\Sprites</Filter>
    </ClInclude>
    <ClInclude Include="IObserver.h">
      <Filter>Header Files\Interfaces</Filter>
    </ClInclude>
    <ClInclude Include="ISubject.h">
      <Filter>Header Files\Interfaces</Filter>
    </ClInclude>
    <ClInclude Include="Hud.h">
      <Filter>Header Files</Filter>
    </ClInclude>
    <ClInclude Include="TileType.h">
      <Filter>Header Files\Enums</Filter>
    </ClInclude>
    <ClInclude Include="GameEvent.h">
      <Filter>Header Files\Enums</Filter>
    </ClInclude>
    <ClInclude Include="Player.h">
      <Filter>Header Files\Sprites</Filter>
    </ClInclude>
    <ClInclude Include="Animation.h">
      <Filter>Header Files\Animation</Filter>
    </ClInclude>
    <ClInclude Include="AnimationManager.h">
      <Filter>Header Files\Animation</Filter>
    </ClInclude>
    <ClInclude Include="ControllerStrategy.h">
      <Filter>Header Files</Filter>
    </ClInclude>
    <ClInclude Include="IWeapon.h">
      <Filter>Header Files\Interfaces</Filter>
    </ClInclude>
    <ClInclude Include="Rocket.h">
      <Filter>Header Files\Sprites\Weapon</Filter>
    </ClInclude>
    <ClInclude Include="Bullet.h">
      <Filter>Header Files\Sprites\Weapon</Filter>
    </ClInclude>
    <ClInclude Include="BulletParticle.h">
      <Filter>Header Files\Sprites\Weapon</Filter>
    </ClInclude>
    <ClInclude Include="RocketParticle.h">
      <Filter>Header Files\Sprites\Weapon</Filter>
    </ClInclude>
    <ClInclude Include="WalkDirection.h">
      <Filter>Header Files\Enums</Filter>
    </ClInclude>
    <ClInclude Include="WeaponType.h">
      <Filter>Header Files\Enums</Filter>
    </ClInclude>
    <ClInclude Include="IMenuPart.h">
      <Filter>Header Files\Interfaces</Filter>
    </ClInclude>
    <ClInclude Include="GameOverState.h">
      <Filter>Header Files\States</Filter>
    </ClInclude>
    <ClInclude Include="RetryButton.h">
      <Filter>Header Files\Button</Filter>
    </ClInclude>
    <ClInclude Include="ItemType.h">
      <Filter>Header Files\Enums</Filter>
    </ClInclude>
    <ClInclude Include="Item.h">
      <Filter>Header Files\Sprites</Filter>
    </ClInclude>
    <ClInclude Include="EnemySpawner.h">
      <Filter>Header Files\Spawners</Filter>
    </ClInclude>
    <ClInclude Include="Tank.h">
      <Filter>Header Files\Sprites</Filter>
    </ClInclude>
    <ClInclude Include="TankBullet.h">
      <Filter>Header Files\Sprites\Weapon</Filter>
    </ClInclude>
    <ClInclude Include="TankBulletParticle.h">
      <Filter>Header Files\Sprites\Weapon</Filter>
    </ClInclude>
    <ClInclude Include="HealthBar.h">
      <Filter>Header Files\Sprites</Filter>
    </ClInclude>
    <ClInclude Include="House.h">
      <Filter>Header Files\Sprites</Filter>
    </ClInclude>
    <ClInclude Include="LayerType.h">
      <Filter>Header Files\Enums</Filter>
    </ClInclude>
  </ItemGroup>
</Project>